
Microsoft Visual Studio Solution File, Format Version 12.00
# Visual Studio Version 16
VisualStudioVersion = 16.0.31105.61
MinimumVisualStudioVersion = 10.0.40219.1
Project("{9A19103F-16F7-4668-BE54-9A1E7A4F7556}") = "CommandPattern", "ExercisesReflectionAndAttrybutes\CommandPattern.csproj", "{2D2A47CA-E8D7-42C6-A311-874961D6E970}"
EndProject
Project("{FAE04EC0-301F-11D3-BF4B-00C04F79EFBC}") = "Demo", "Demo\Demo.csproj", "{B4D1D932-E970-46C7-A891-DB45B5EE520F}"
EndProject
Global
	GlobalSection(SolutionConfigurationPlatforms) = preSolution
		Debug|Any CPU = Debug|Any CPU
		Release|Any CPU = Release|Any CPU
	EndGlobalSection
	GlobalSection(ProjectConfigurationPlatforms) = postSolution
		{2D2A47CA-E8D7-42C6-A311-874961D6E970}.Debug|Any CPU.ActiveCfg = Debug|Any CPU
		{2D2A47CA-E8D7-42C6-A311-874961D6E970}.Debug|Any CPU.Build.0 = Debug|Any CPU
		{2D2A47CA-E8D7-42C6-A311-874961D6E970}.Release|Any CPU.ActiveCfg = Release|Any CPU
		{2D2A47CA-E8D7-42C6-A311-874961D6E970}.Release|Any CPU.Build.0 = Release|Any CPU
		{B4D1D932-E970-46C7-A891-DB45B5EE520F}.Debug|Any CPU.ActiveCfg = Debug|Any CPU
		{B4D1D932-E970-46C7-A891-DB45B5EE520F}.Debug|Any CPU.Build.0 = Debug|Any CPU
		{B4D1D932-E970-46C7-A891-DB45B5EE520F}.Release|Any CPU.ActiveCfg = Release|Any CPU
		{B4D1D932-E970-46C7-A891-DB45B5EE520F}.Release|Any CPU.Build.0 = Release|Any CPU
	EndGlobalSection
	GlobalSection(SolutionProperties) = preSolution
		HideSolutionNode = FALSE
	EndGlobalSection
	GlobalSection(ExtensibilityGlobals) = postSolution
		SolutionGuid = {783FF204-09FE-40F4-853E-B8A5DFA779DE}
	EndGlobalSection
EndGlobal
